// !$*UTF8*$!
{
	archiveVersion = 1;
	classes = {
	};
	objectVersion = 51;
	objects = {

/* Begin PBXBuildFile section */
		62B0907F214913C300EF494F /* AppDelegate.swift in Sources */ = {isa = PBXBuildFile; fileRef = 62B0907E214913C300EF494F /* AppDelegate.swift */; };
		62B09081214913C300EF494F /* ViewController.swift in Sources */ = {isa = PBXBuildFile; fileRef = 62B09080214913C300EF494F /* ViewController.swift */; };
		62B09084214913C300EF494F /* Main.storyboard in Resources */ = {isa = PBXBuildFile; fileRef = 62B09082214913C300EF494F /* Main.storyboard */; };
		62B09086214913C300EF494F /* Assets.xcassets in Resources */ = {isa = PBXBuildFile; fileRef = 62B09085214913C300EF494F /* Assets.xcassets */; };
		62B09089214913C300EF494F /* LaunchScreen.storyboard in Resources */ = {isa = PBXBuildFile; fileRef = 62B09087214913C300EF494F /* LaunchScreen.storyboard */; };
		62F5595A214A52D5009BB566 /* MeteoService.swift in Sources */ = {isa = PBXBuildFile; fileRef = 62F55959214A52D5009BB566 /* MeteoService.swift */; };
		62F5595C214A5402009BB566 /* WeatherData.swift in Sources */ = {isa = PBXBuildFile; fileRef = 62F5595B214A5402009BB566 /* WeatherData.swift */; };
		62F5595E214A865B009BB566 /* CityCell.swift in Sources */ = {isa = PBXBuildFile; fileRef = 62F5595D214A865B009BB566 /* CityCell.swift */; };
		62F55960214ABA7E009BB566 /* AddCityViewController.swift in Sources */ = {isa = PBXBuildFile; fileRef = 62F5595F214ABA7E009BB566 /* AddCityViewController.swift */; };
		730164D28C95150F89182DDD /* Pods_Meteo_Kraze_iOS.framework in Frameworks */ = {isa = PBXBuildFile; fileRef = 96E982A70545B2FA183039FD /* Pods_Meteo_Kraze_iOS.framework */; };
/* End PBXBuildFile section */

/* Begin PBXFileReference section */
		62B0907B214913C300EF494F /* Meteo Kraze iOS.app */ = {isa = PBXFileReference; explicitFileType = wrapper.application; includeInIndex = 0; path = "Meteo Kraze iOS.app"; sourceTree = BUILT_PRODUCTS_DIR; };
		62B0907E214913C300EF494F /* AppDelegate.swift */ = {isa = PBXFileReference; lastKnownFileType = sourcecode.swift; path = AppDelegate.swift; sourceTree = "<group>"; };
		62B09080214913C300EF494F /* ViewController.swift */ = {isa = PBXFileReference; lastKnownFileType = sourcecode.swift; path = ViewController.swift; sourceTree = "<group>"; };
		62B09083214913C300EF494F /* Base */ = {isa = PBXFileReference; lastKnownFileType = file.storyboard; name = Base; path = Base.lproj/Main.storyboard; sourceTree = "<group>"; };
		62B09085214913C300EF494F /* Assets.xcassets */ = {isa = PBXFileReference; lastKnownFileType = folder.assetcatalog; path = Assets.xcassets; sourceTree = "<group>"; };
		62B09088214913C300EF494F /* Base */ = {isa = PBXFileReference; lastKnownFileType = file.storyboard; name = Base; path = Base.lproj/LaunchScreen.storyboard; sourceTree = "<group>"; };
		62B0908A214913C300EF494F /* Info.plist */ = {isa = PBXFileReference; lastKnownFileType = text.plist.xml; path = Info.plist; sourceTree = "<group>"; };
		62F55959214A52D5009BB566 /* MeteoService.swift */ = {isa = PBXFileReference; lastKnownFileType = sourcecode.swift; path = MeteoService.swift; sourceTree = "<group>"; };
		62F5595B214A5402009BB566 /* WeatherData.swift */ = {isa = PBXFileReference; lastKnownFileType = sourcecode.swift; path = WeatherData.swift; sourceTree = "<group>"; };
		62F5595D214A865B009BB566 /* CityCell.swift */ = {isa = PBXFileReference; lastKnownFileType = sourcecode.swift; path = CityCell.swift; sourceTree = "<group>"; };
		62F5595F214ABA7E009BB566 /* AddCityViewController.swift */ = {isa = PBXFileReference; lastKnownFileType = sourcecode.swift; path = AddCityViewController.swift; sourceTree = "<group>"; };
		9636CCD4A1B862EA239BAE49 /* Pods-Meteo Kraze iOS.debug.xcconfig */ = {isa = PBXFileReference; includeInIndex = 1; lastKnownFileType = text.xcconfig; name = "Pods-Meteo Kraze iOS.debug.xcconfig"; path = "Pods/Target Support Files/Pods-Meteo Kraze iOS/Pods-Meteo Kraze iOS.debug.xcconfig"; sourceTree = "<group>"; };
		96E982A70545B2FA183039FD /* Pods_Meteo_Kraze_iOS.framework */ = {isa = PBXFileReference; explicitFileType = wrapper.framework; includeInIndex = 0; path = Pods_Meteo_Kraze_iOS.framework; sourceTree = BUILT_PRODUCTS_DIR; };
		A6F3876B422C37BA3A8EBF18 /* Pods-Meteo Kraze iOS.release.xcconfig */ = {isa = PBXFileReference; includeInIndex = 1; lastKnownFileType = text.xcconfig; name = "Pods-Meteo Kraze iOS.release.xcconfig"; path = "Pods/Target Support Files/Pods-Meteo Kraze iOS/Pods-Meteo Kraze iOS.release.xcconfig"; sourceTree = "<group>"; };
/* End PBXFileReference section */

/* Begin PBXFrameworksBuildPhase section */
		62B09078214913C300EF494F /* Frameworks */ = {
			isa = PBXFrameworksBuildPhase;
			buildActionMask = 2147483647;
			files = (
				730164D28C95150F89182DDD /* Pods_Meteo_Kraze_iOS.framework in Frameworks */,
			);
			runOnlyForDeploymentPostprocessing = 0;
		};
/* End PBXFrameworksBuildPhase section */

/* Begin PBXGroup section */
		1E40CDB0D98A47FFD44EE167 /* Frameworks */ = {
			isa = PBXGroup;
			children = (
				96E982A70545B2FA183039FD /* Pods_Meteo_Kraze_iOS.framework */,
			);
			name = Frameworks;
			sourceTree = "<group>";
		};
		39ACB05D9D9A69F5C0DC99FE /* Pods */ = {
			isa = PBXGroup;
			children = (
				9636CCD4A1B862EA239BAE49 /* Pods-Meteo Kraze iOS.debug.xcconfig */,
				A6F3876B422C37BA3A8EBF18 /* Pods-Meteo Kraze iOS.release.xcconfig */,
			);
			name = Pods;
			sourceTree = "<group>";
		};
		62B09072214913C300EF494F = {
			isa = PBXGroup;
			children = (
				62B0907D214913C300EF494F /* Meteo Kraze iOS */,
				62B0907C214913C300EF494F /* Products */,
				39ACB05D9D9A69F5C0DC99FE /* Pods */,
				1E40CDB0D98A47FFD44EE167 /* Frameworks */,
			);
			sourceTree = "<group>";
		};
		62B0907C214913C300EF494F /* Products */ = {
			isa = PBXGroup;
			children = (
				62B0907B214913C300EF494F /* Meteo Kraze iOS.app */,
			);
			name = Products;
			sourceTree = "<group>";
		};
		62B0907D214913C300EF494F /* Meteo Kraze iOS */ = {
			isa = PBXGroup;
			children = (
				62B0907E214913C300EF494F /* AppDelegate.swift */,
				62B09080214913C300EF494F /* ViewController.swift */,
				62B09082214913C300EF494F /* Main.storyboard */,
				62B09085214913C300EF494F /* Assets.xcassets */,
				62B09087214913C300EF494F /* LaunchScreen.storyboard */,
				62B0908A214913C300EF494F /* Info.plist */,
				62F55959214A52D5009BB566 /* MeteoService.swift */,
				62F5595B214A5402009BB566 /* WeatherData.swift */,
				62F5595D214A865B009BB566 /* CityCell.swift */,
				62F5595F214ABA7E009BB566 /* AddCityViewController.swift */,
			);
			path = "Meteo Kraze iOS";
			sourceTree = "<group>";
		};
/* End PBXGroup section */

/* Begin PBXNativeTarget section */
		62B0907A214913C300EF494F /* Meteo Kraze iOS */ = {
			isa = PBXNativeTarget;
			buildConfigurationList = 62B0908D214913C300EF494F /* Build configuration list for PBXNativeTarget "Meteo Kraze iOS" */;
			buildPhases = (
				D74687BC95B82604F45DE145 /* [CP] Check Pods Manifest.lock */,
				62B09077214913C300EF494F /* Sources */,
				62B09078214913C300EF494F /* Frameworks */,
				62B09079214913C300EF494F /* Resources */,
				7F5F3C9E937DC7B4F4CD972C /* [CP] Embed Pods Frameworks */,
			);
			buildRules = (
			);
			dependencies = (
			);
			name = "Meteo Kraze iOS";
			productName = "Meteo Kraze iOS";
			productReference = 62B0907B214913C300EF494F /* Meteo Kraze iOS.app */;
			productType = "com.apple.product-type.application";
		};
/* End PBXNativeTarget section */

/* Begin PBXProject section */
		62B09073214913C300EF494F /* Project object */ = {
			isa = PBXProject;
			attributes = {
				LastSwiftUpdateCheck = 1000;
				LastUpgradeCheck = 1000;
				ORGANIZATIONNAME = "Guillaume Fourrier";
				TargetAttributes = {
					62B0907A214913C300EF494F = {
						CreatedOnToolsVersion = 10.0;
						LastSwiftMigration = 1310;
					};
				};
			};
			buildConfigurationList = 62B09076214913C300EF494F /* Build configuration list for PBXProject "Meteo Kraze iOS" */;
			compatibilityVersion = "Xcode 9.3";
			developmentRegion = en;
			hasScannedForEncodings = 0;
			knownRegions = (
				en,
				Base,
			);
			mainGroup = 62B09072214913C300EF494F;
			productRefGroup = 62B0907C214913C300EF494F /* Products */;
			projectDirPath = "";
			projectRoot = "";
			targets = (
				62B0907A214913C300EF494F /* Meteo Kraze iOS */,
			);
		};
/* End PBXProject section */

/* Begin PBXResourcesBuildPhase section */
		62B09079214913C300EF494F /* Resources */ = {
			isa = PBXResourcesBuildPhase;
			buildActionMask = 2147483647;
			files = (
				62B09089214913C300EF494F /* LaunchScreen.storyboard in Resources */,
				62B09086214913C300EF494F /* Assets.xcassets in Resources */,
				62B09084214913C300EF494F /* Main.storyboard in Resources */,
			);
			runOnlyForDeploymentPostprocessing = 0;
		};
/* End PBXResourcesBuildPhase section */

/* Begin PBXShellScriptBuildPhase section */
		7F5F3C9E937DC7B4F4CD972C /* [CP] Embed Pods Frameworks */ = {
			isa = PBXShellScriptBuildPhase;
			buildActionMask = 2147483647;
			files = (
			);
			inputFileListPaths = (
				"${PODS_ROOT}/Target Support Files/Pods-Meteo Kraze iOS/Pods-Meteo Kraze iOS-frameworks-${CONFIGURATION}-input-files.xcfilelist",
			);
			name = "[CP] Embed Pods Frameworks";
			outputFileListPaths = (
				"${PODS_ROOT}/Target Support Files/Pods-Meteo Kraze iOS/Pods-Meteo Kraze iOS-frameworks-${CONFIGURATION}-output-files.xcfilelist",
			);
			runOnlyForDeploymentPostprocessing = 0;
			shellPath = /bin/sh;
			shellScript = "\"${PODS_ROOT}/Target Support Files/Pods-Meteo Kraze iOS/Pods-Meteo Kraze iOS-frameworks.sh\"\n";
			showEnvVarsInLog = 0;
		};
		D74687BC95B82604F45DE145 /* [CP] Check Pods Manifest.lock */ = {
			isa = PBXShellScriptBuildPhase;
			buildActionMask = 2147483647;
			files = (
			);
			inputPaths = (
				"${PODS_PODFILE_DIR_PATH}/Podfile.lock",
				"${PODS_ROOT}/Manifest.lock",
			);
			name = "[CP] Check Pods Manifest.lock";
			outputPaths = (
				"$(DERIVED_FILE_DIR)/Pods-Meteo Kraze iOS-checkManifestLockResult.txt",
			);
			runOnlyForDeploymentPostprocessing = 0;
			shellPath = /bin/sh;
			shellScript = "diff \"${PODS_PODFILE_DIR_PATH}/Podfile.lock\" \"${PODS_ROOT}/Manifest.lock\" > /dev/null\nif [ $? != 0 ] ; then\n    # print error to STDERR\n    echo \"error: The sandbox is not in sync with the Podfile.lock. Run 'pod install' or update your CocoaPods installation.\" >&2\n    exit 1\nfi\n# This output is used by Xcode 'outputs' to avoid re-running this script phase.\necho \"SUCCESS\" > \"${SCRIPT_OUTPUT_FILE_0}\"\n";
			showEnvVarsInLog = 0;
		};
/* End PBXShellScriptBuildPhase section */

/* Begin PBXSourcesBuildPhase section */
		62B09077214913C300EF494F /* Sources */ = {
			isa = PBXSourcesBuildPhase;
			buildActionMask = 2147483647;
			files = (
				62B09081214913C300EF494F /* ViewController.swift in Sources */,
				62F55960214ABA7E009BB566 /* AddCityViewController.swift in Sources */,
				62B0907F214913C300EF494F /* AppDelegate.swift in Sources */,
				62F5595E214A865B009BB566 /* CityCell.swift in Sources */,
				62F5595C214A5402009BB566 /* WeatherData.swift in Sources */,
				62F5595A214A52D5009BB566 /* MeteoService.swift in Sources */,
			);
			runOnlyForDeploymentPostprocessing = 0;
		};
/* End PBXSourcesBuildPhase section */

/* Begin PBXVariantGroup section */
		62B09082214913C300EF494F /* Main.storyboard */ = {
			isa = PBXVariantGroup;
			children = (
				62B09083214913C300EF494F /* Base */,
			);
			name = Main.storyboard;
			sourceTree = "<group>";
		};
		62B09087214913C300EF494F /* LaunchScreen.storyboard */ = {
			isa = PBXVariantGroup;
			children = (
				62B09088214913C300EF494F /* Base */,
			);
			name = LaunchScreen.storyboard;
			sourceTree = "<group>";
		};
/* End PBXVariantGroup section */

/* Begin XCBuildConfiguration section */
		62B0908B214913C300EF494F /* Debug */ = {
			isa = XCBuildConfiguration;
			buildSettings = {
				ALWAYS_SEARCH_USER_PATHS = NO;
				CLANG_ANALYZER_NONNULL = YES;
				CLANG_ANALYZER_NUMBER_OBJECT_CONVERSION = YES_AGGRESSIVE;
				CLANG_CXX_LANGUAGE_STANDARD = "gnu++14";
				CLANG_CXX_LIBRARY = "libc++";
				CLANG_ENABLE_MODULES = YES;
				CLANG_ENABLE_OBJC_ARC = YES;
				CLANG_ENABLE_OBJC_WEAK = YES;
				CLANG_WARN_BLOCK_CAPTURE_AUTORELEASING = YES;
				CLANG_WARN_BOOL_CONVERSION = YES;
				CLANG_WARN_COMMA = YES;
				CLANG_WARN_CONSTANT_CONVERSION = YES;
				CLANG_WARN_DEPRECATED_OBJC_IMPLEMENTATIONS = YES;
				CLANG_WARN_DIRECT_OBJC_ISA_USAGE = YES_ERROR;
				CLANG_WARN_DOCUMENTATION_COMMENTS = YES;
				CLANG_WARN_EMPTY_BODY = YES;
				CLANG_WARN_ENUM_CONVERSION = YES;
				CLANG_WARN_INFINITE_RECURSION = YES;
				CLANG_WARN_INT_CONVERSION = YES;
				CLANG_WARN_NON_LITERAL_NULL_CONVERSION = YES;
				CLANG_WARN_OBJC_IMPLICIT_RETAIN_SELF = YES;
				CLANG_WARN_OBJC_LITERAL_CONVERSION = YES;
				CLANG_WARN_OBJC_ROOT_CLASS = YES_ERROR;
				CLANG_WARN_RANGE_LOOP_ANALYSIS = YES;
				CLANG_WARN_STRICT_PROTOTYPES = YES;
				CLANG_WARN_SUSPICIOUS_MOVE = YES;
				CLANG_WARN_UNGUARDED_AVAILABILITY = YES_AGGRESSIVE;
				CLANG_WARN_UNREACHABLE_CODE = YES;
				CLANG_WARN__DUPLICATE_METHOD_MATCH = YES;
				CODE_SIGN_IDENTITY = "iPhone Developer";
				COPY_PHASE_STRIP = NO;
				DEBUG_INFORMATION_FORMAT = dwarf;
				ENABLE_STRICT_OBJC_MSGSEND = YES;
				ENABLE_TESTABILITY = YES;
				GCC_C_LANGUAGE_STANDARD = gnu11;
				GCC_DYNAMIC_NO_PIC = NO;
				GCC_NO_COMMON_BLOCKS = YES;
				GCC_OPTIMIZATION_LEVEL = 0;
				GCC_PREPROCESSOR_DEFINITIONS = (
					"DEBUG=1",
					"$(inherited)",
				);
				GCC_WARN_64_TO_32_BIT_CONVERSION = YES;
				GCC_WARN_ABOUT_RETURN_TYPE = YES_ERROR;
				GCC_WARN_UNDECLARED_SELECTOR = YES;
				GCC_WARN_UNINITIALIZED_AUTOS = YES_AGGRESSIVE;
				GCC_WARN_UNUSED_FUNCTION = YES;
				GCC_WARN_UNUSED_VARIABLE = YES;
				IPHONEOS_DEPLOYMENT_TARGET = 12.0;
				MTL_ENABLE_DEBUG_INFO = INCLUDE_SOURCE;
				MTL_FAST_MATH = YES;
				ONLY_ACTIVE_ARCH = YES;
				SDKROOT = iphoneos;
				SWIFT_ACTIVE_COMPILATION_CONDITIONS = DEBUG;
				SWIFT_OPTIMIZATION_LEVEL = "-Onone";
			};
			name = Debug;
		};
		62B0908C214913C300EF494F /* Release */ = {
			isa = XCBuildConfiguration;
			buildSettings = {
				ALWAYS_SEARCH_USER_PATHS = NO;
				CLANG_ANALYZER_NONNULL = YES;
				CLANG_ANALYZER_NUMBER_OBJECT_CONVERSION = YES_AGGRESSIVE;
				CLANG_CXX_LANGUAGE_STANDARD = "gnu++14";
				CLANG_CXX_LIBRARY = "libc++";
				CLANG_ENABLE_MODULES = YES;
				CLANG_ENABLE_OBJC_ARC = YES;
				CLANG_ENABLE_OBJC_WEAK = YES;
				CLANG_WARN_BLOCK_CAPTURE_AUTORELEASING = YES;
				CLANG_WARN_BOOL_CONVERSION = YES;
				CLANG_WARN_COMMA = YES;
				CLANG_WARN_CONSTANT_CONVERSION = YES;
				CLANG_WARN_DEPRECATED_OBJC_IMPLEMENTATIONS = YES;
				CLANG_WARN_DIRECT_OBJC_ISA_USAGE = YES_ERROR;
				CLANG_WARN_DOCUMENTATION_COMMENTS = YES;
				CLANG_WARN_EMPTY_BODY = YES;
				CLANG_WARN_ENUM_CONVERSION = YES;
				CLANG_WARN_INFINITE_RECURSION = YES;
				CLANG_WARN_INT_CONVERSION = YES;
				CLANG_WARN_NON_LITERAL_NULL_CONVERSION = YES;
				CLANG_WARN_OBJC_IMPLICIT_RETAIN_SELF = YES;
				CLANG_WARN_OBJC_LITERAL_CONVERSION = YES;
				CLANG_WARN_OBJC_ROOT_CLASS = YES_ERROR;
				CLANG_WARN_RANGE_LOOP_ANALYSIS = YES;
				CLANG_WARN_STRICT_PROTOTYPES = YES;
				CLANG_WARN_SUSPICIOUS_MOVE = YES;
				CLANG_WARN_UNGUARDED_AVAILABILITY = YES_AGGRESSIVE;
				CLANG_WARN_UNREACHABLE_CODE = YES;
				CLANG_WARN__DUPLICATE_METHOD_MATCH = YES;
				CODE_SIGN_IDENTITY = "iPhone Developer";
				COPY_PHASE_STRIP = NO;
				DEBUG_INFORMATION_FORMAT = "dwarf-with-dsym";
				ENABLE_NS_ASSERTIONS = NO;
				ENABLE_STRICT_OBJC_MSGSEND = YES;
				GCC_C_LANGUAGE_STANDARD = gnu11;
				GCC_NO_COMMON_BLOCKS = YES;
				GCC_WARN_64_TO_32_BIT_CONVERSION = YES;
				GCC_WARN_ABOUT_RETURN_TYPE = YES_ERROR;
				GCC_WARN_UNDECLARED_SELECTOR = YES;
				GCC_WARN_UNINITIALIZED_AUTOS = YES_AGGRESSIVE;
				GCC_WARN_UNUSED_FUNCTION = YES;
				GCC_WARN_UNUSED_VARIABLE = YES;
				IPHONEOS_DEPLOYMENT_TARGET = 12.0;
				MTL_ENABLE_DEBUG_INFO = NO;
				MTL_FAST_MATH = YES;
				SDKROOT = iphoneos;
				SWIFT_COMPILATION_MODE = wholemodule;
				SWIFT_OPTIMIZATION_LEVEL = "-O";
				VALIDATE_PRODUCT = YES;
			};
			name = Release;
		};
		62B0908E214913C300EF494F /* Debug */ = {
			isa = XCBuildConfiguration;
			baseConfigurationReference = 9636CCD4A1B862EA239BAE49 /* Pods-Meteo Kraze iOS.debug.xcconfig */;
			buildSettings = {
				ASSETCATALOG_COMPILER_APPICON_NAME = AppIcon;
				CODE_SIGN_STYLE = Automatic;
				DEVELOPMENT_TEAM = TAAUM7S3Z8;
				INFOPLIST_FILE = "Meteo Kraze iOS/Info.plist";
				IPHONEOS_DEPLOYMENT_TARGET = 11.4;
				LD_RUNPATH_SEARCH_PATHS = (
					"$(inherited)",
					"@executable_path/Frameworks",
				);
				PRODUCT_BUNDLE_IDENTIFIER = "com.ekildeew.Meteo-Kraze-iOS";
				PRODUCT_NAME = "$(TARGET_NAME)";
				SWIFT_VERSION = 5.0;
				TARGETED_DEVICE_FAMILY = "1,2";
			};
			name = Debug;
		};
		62B0908F214913C300EF494F /* Release */ = {
			isa = XCBuildConfiguration;
			baseConfigurationReference = A6F3876B422C37BA3A8EBF18 /* Pods-Meteo Kraze iOS.release.xcconfig */;
			buildSettings = {
				ASSETCATALOG_COMPILER_APPICON_NAME = AppIcon;
				CODE_SIGN_STYLE = Automatic;
				DEVELOPMENT_TEAM = TAAUM7S3Z8;
				INFOPLIST_FILE = "Meteo Kraze iOS/Info.plist";
				IPHONEOS_DEPLOYMENT_TARGET = 11.4;
				LD_RUNPATH_SEARCH_PATHS = (
					"$(inherited)",
					"@executable_path/Frameworks",
				);
				PRODUCT_BUNDLE_IDENTIFIER = "com.ekildeew.Meteo-Kraze-iOS";
				PRODUCT_NAME = "$(TARGET_NAME)";
				SWIFT_VERSION = 5.0;
				TARGETED_DEVICE_FAMILY = "1,2";
			};
			name = Release;
		};
/* End XCBuildConfiguration section */

/* Begin XCConfigurationList section */
		62B09076214913C300EF494F /* Build configuration list for PBXProject "Meteo Kraze iOS" */ = {
			isa = XCConfigurationList;
			buildConfigurations = (
				62B0908B214913C300EF494F /* Debug */,
				62B0908C214913C300EF494F /* Release */,
			);
			defaultConfigurationIsVisible = 0;
			defaultConfigurationName = Release;
		};
		62B0908D214913C300EF494F /* Build configuration list for PBXNativeTarget "Meteo Kraze iOS" */ = {
			isa = XCConfigurationList;
			buildConfigurations = (
				62B0908E214913C300EF494F /* Debug */,
				62B0908F214913C300EF494F /* Release */,
			);
			defaultConfigurationIsVisible = 0;
			defaultConfigurationName = Release;
		};
/* End XCConfigurationList section */
	};
	rootObject = 62B09073214913C300EF494F /* Project object */;
}
